// !$*UTF8*$!
{
	archiveVersion = 1;
	classes = {
	};
	objectVersion = 55;
	objects = {

/* Begin PBXBuildFile section */
		D833C8252A1538DC0003BB74 /* AppDelegate.swift in Sources */ = {isa = PBXBuildFile; fileRef = D833C8242A1538DC0003BB74 /* AppDelegate.swift */; };
		D833C8272A1538DC0003BB74 /* SceneDelegate.swift in Sources */ = {isa = PBXBuildFile; fileRef = D833C8262A1538DC0003BB74 /* SceneDelegate.swift */; };
		D833C8292A1538DD0003BB74 /* ViewController.swift in Sources */ = {isa = PBXBuildFile; fileRef = D833C8282A1538DD0003BB74 /* ViewController.swift */; };
		D833C82C2A1538DD0003BB74 /* Main.storyboard in Resources */ = {isa = PBXBuildFile; fileRef = D833C82A2A1538DD0003BB74 /* Main.storyboard */; };
		D833C82F2A1538DD0003BB74 /* AquinoColeccionDeJuegos2.xcdatamodeld in Sources */ = {isa = PBXBuildFile; fileRef = D833C82D2A1538DD0003BB74 /* AquinoColeccionDeJuegos2.xcdatamodeld */; };
		D833C8312A1538DE0003BB74 /* Assets.xcassets in Resources */ = {isa = PBXBuildFile; fileRef = D833C8302A1538DE0003BB74 /* Assets.xcassets */; };
		D833C8342A1538DE0003BB74 /* LaunchScreen.storyboard in Resources */ = {isa = PBXBuildFile; fileRef = D833C8322A1538DE0003BB74 /* LaunchScreen.storyboard */; };
/* End PBXBuildFile section */

/* Begin PBXFileReference section */
		D833C8212A1538DC0003BB74 /* AquinoColeccionDeJuegos2.app */ = {isa = PBXFileReference; explicitFileType = wrapper.application; includeInIndex = 0; path = AquinoColeccionDeJuegos2.app; sourceTree = BUILT_PRODUCTS_DIR; };
		D833C8242A1538DC0003BB74 /* AppDelegate.swift */ = {isa = PBXFileReference; lastKnownFileType = sourcecode.swift; path = AppDelegate.swift; sourceTree = "<group>"; };
		D833C8262A1538DC0003BB74 /* SceneDelegate.swift */ = {isa = PBXFileReference; lastKnownFileType = sourcecode.swift; path = SceneDelegate.swift; sourceTree = "<group>"; };
		D833C8282A1538DD0003BB74 /* ViewController.swift */ = {isa = PBXFileReference; lastKnownFileType = sourcecode.swift; path = ViewController.swift; sourceTree = "<group>"; };
		D833C82B2A1538DD0003BB74 /* Base */ = {isa = PBXFileReference; lastKnownFileType = file.storyboard; name = Base; path = Base.lproj/Main.storyboard; sourceTree = "<group>"; };
		D833C82E2A1538DD0003BB74 /* AquinoColeccionDeJuegos2.xcdatamodel */ = {isa = PBXFileReference; lastKnownFileType = wrapper.xcdatamodel; path = AquinoColeccionDeJuegos2.xcdatamodel; sourceTree = "<group>"; };
		D833C8302A1538DE0003BB74 /* Assets.xcassets */ = {isa = PBXFileReference; lastKnownFileType = folder.assetcatalog; path = Assets.xcassets; sourceTree = "<group>"; };
		D833C8332A1538DE0003BB74 /* Base */ = {isa = PBXFileReference; lastKnownFileType = file.storyboard; name = Base; path = Base.lproj/LaunchScreen.storyboard; sourceTree = "<group>"; };
		D833C8352A1538DE0003BB74 /* Info.plist */ = {isa = PBXFileReference; lastKnownFileType = text.plist.xml; path = Info.plist; sourceTree = "<group>"; };
/* End PBXFileReference section */

/* Begin PBXFrameworksBuildPhase section */
		D833C81E2A1538DC0003BB74 /* Frameworks */ = {
			isa = PBXFrameworksBuildPhase;
			buildActionMask = 2147483647;
			files = (
			);
			runOnlyForDeploymentPostprocessing = 0;
		};
/* End PBXFrameworksBuildPhase section */

/* Begin PBXGroup section */
		D833C8182A1538DC0003BB74 = {
			isa = PBXGroup;
			children = (
				D833C8232A1538DC0003BB74 /* AquinoColeccionDeJuegos2 */,
				D833C8222A1538DC0003BB74 /* Products */,
			);
			sourceTree = "<group>";
		};
		D833C8222A1538DC0003BB74 /* Products */ = {
			isa = PBXGroup;
			children = (
				D833C8212A1538DC0003BB74 /* AquinoColeccionDeJuegos2.app */,
			);
			name = Products;
			sourceTree = "<group>";
		};
		D833C8232A1538DC0003BB74 /* AquinoColeccionDeJuegos2 */ = {
			isa = PBXGroup;
			children = (
				D833C8242A1538DC0003BB74 /* AppDelegate.swift */,
				D833C8262A1538DC0003BB74 /* SceneDelegate.swift */,
				D833C8282A1538DD0003BB74 /* ViewController.swift */,
				D833C82A2A1538DD0003BB74 /* Main.storyboard */,
				D833C8302A1538DE0003BB74 /* Assets.xcassets */,
				D833C8322A1538DE0003BB74 /* LaunchScreen.storyboard */,
				D833C8352A1538DE0003BB74 /* Info.plist */,
				D833C82D2A1538DD0003BB74 /* AquinoColeccionDeJuegos2.xcdatamodeld */,
			);
			path = AquinoColeccionDeJuegos2;
			sourceTree = "<group>";
		};
/* End PBXGroup section */

/* Begin PBXNativeTarget section */
		D833C8202A1538DC0003BB74 /* AquinoColeccionDeJuegos2 */ = {
			isa = PBXNativeTarget;
			buildConfigurationList = D833C8382A1538DE0003BB74 /* Build configuration list for PBXNativeTarget "AquinoColeccionDeJuegos2" */;
			buildPhases = (
				D833C81D2A1538DC0003BB74 /* Sources */,
				D833C81E2A1538DC0003BB74 /* Frameworks */,
				D833C81F2A1538DC0003BB74 /* Resources */,
			);
			buildRules = (
			);
			dependencies = (
			);
			name = AquinoColeccionDeJuegos2;
			productName = AquinoColeccionDeJuegos2;
			productReference = D833C8212A1538DC0003BB74 /* AquinoColeccionDeJuegos2.app */;
			productType = "com.apple.product-type.application";
		};
/* End PBXNativeTarget section */

/* Begin PBXProject section */
		D833C8192A1538DC0003BB74 /* Project object */ = {
			isa = PBXProject;
			attributes = {
				BuildIndependentTargetsInParallel = 1;
				LastSwiftUpdateCheck = 1330;
				LastUpgradeCheck = 1330;
				TargetAttributes = {
					D833C8202A1538DC0003BB74 = {
						CreatedOnToolsVersion = 13.3;
					};
				};
			};
			buildConfigurationList = D833C81C2A1538DC0003BB74 /* Build configuration list for PBXProject "AquinoColeccionDeJuegos2" */;
			compatibilityVersion = "Xcode 13.0";
			developmentRegion = en;
			hasScannedForEncodings = 0;
			knownRegions = (
				en,
				Base,
			);
			mainGroup = D833C8182A1538DC0003BB74;
			productRefGroup = D833C8222A1538DC0003BB74 /* Products */;
			projectDirPath = "";
			projectRoot = "";
			targets = (
				D833C8202A1538DC0003BB74 /* AquinoColeccionDeJuegos2 */,
			);
		};
/* End PBXProject section */

/* Begin PBXResourcesBuildPhase section */
		D833C81F2A1538DC0003BB74 /* Resources */ = {
			isa = PBXResourcesBuildPhase;
			buildActionMask = 2147483647;
			files = (
				D833C8342A1538DE0003BB74 /* LaunchScreen.storyboard in Resources */,
				D833C8312A1538DE0003BB74 /* Assets.xcassets in Resources */,
				D833C82C2A1538DD0003BB74 /* Main.storyboard in Resources */,
			);
			runOnlyForDeploymentPostprocessing = 0;
		};
/* End PBXResourcesBuildPhase section */

/* Begin PBXSourcesBuildPhase section */
		D833C81D2A1538DC0003BB74 /* Sources */ = {
			isa = PBXSourcesBuildPhase;
			buildActionMask = 2147483647;
			files = (
				D833C8292A1538DD0003BB74 /* ViewController.swift in Sources */,
				D833C82F2A1538DD0003BB74 /* AquinoColeccionDeJuegos2.xcdatamodeld in Sources */,
				D833C8252A1538DC0003BB74 /* AppDelegate.swift in Sources */,
				D833C8272A1538DC0003BB74 /* SceneDelegate.swift in Sources */,
			);
			runOnlyForDeploymentPostprocessing = 0;
		};
/* End PBXSourcesBuildPhase section */

/* Begin PBXVariantGroup section */
		D833C82A2A1538DD0003BB74 /* Main.storyboard */ = {
			isa = PBXVariantGroup;
			children = (
				D833C82B2A1538DD0003BB74 /* Base */,
			);
			name = Main.storyboard;
			sourceTree = "<group>";
		};
		D833C8322A1538DE0003BB74 /* LaunchScreen.storyboard */ = {
			isa = PBXVariantGroup;
			children = (
				D833C8332A1538DE0003BB74 /* Base */,
			);
			name = LaunchScreen.storyboard;
			sourceTree = "<group>";
		};
/* End PBXVariantGroup section */

/* Begin XCBuildConfiguration section */
		D833C8362A1538DE0003BB74 /* Debug */ = {
			isa = XCBuildConfiguration;
			buildSettings = {
				ALWAYS_SEARCH_USER_PATHS = NO;
				CLANG_ANALYZER_NONNULL = YES;
				CLANG_ANALYZER_NUMBER_OBJECT_CONVERSION = YES_AGGRESSIVE;
				CLANG_CXX_LANGUAGE_STANDARD = "gnu++17";
				CLANG_ENABLE_MODULES = YES;
				CLANG_ENABLE_OBJC_ARC = YES;
				CLANG_ENABLE_OBJC_WEAK = YES;
				CLANG_WARN_BLOCK_CAPTURE_AUTORELEASING = YES;
				CLANG_WARN_BOOL_CONVERSION = YES;
				CLANG_WARN_COMMA = YES;
				CLANG_WARN_CONSTANT_CONVERSION = YES;
				CLANG_WARN_DEPRECATED_OBJC_IMPLEMENTATIONS = YES;
				CLANG_WARN_DIRECT_OBJC_ISA_USAGE = YES_ERROR;
				CLANG_WARN_DOCUMENTATION_COMMENTS = YES;
				CLANG_WARN_EMPTY_BODY = YES;
				CLANG_WARN_ENUM_CONVERSION = YES;
				CLANG_WARN_INFINITE_RECURSION = YES;
				CLANG_WARN_INT_CONVERSION = YES;
				CLANG_WARN_NON_LITERAL_NULL_CONVERSION = YES;
				CLANG_WARN_OBJC_IMPLICIT_RETAIN_SELF = YES;
				CLANG_WARN_OBJC_LITERAL_CONVERSION = YES;
				CLANG_WARN_OBJC_ROOT_CLASS = YES_ERROR;
				CLANG_WARN_QUOTED_INCLUDE_IN_FRAMEWORK_HEADER = YES;
				CLANG_WARN_RANGE_LOOP_ANALYSIS = YES;
				CLANG_WARN_STRICT_PROTOTYPES = YES;
				CLANG_WARN_SUSPICIOUS_MOVE = YES;
				CLANG_WARN_UNGUARDED_AVAILABILITY = YES_AGGRESSIVE;
				CLANG_WARN_UNREACHABLE_CODE = YES;
				CLANG_WARN__DUPLICATE_METHOD_MATCH = YES;
				COPY_PHASE_STRIP = NO;
				DEBUG_INFORMATION_FORMAT = dwarf;
				ENABLE_STRICT_OBJC_MSGSEND = YES;
				ENABLE_TESTABILITY = YES;
				GCC_C_LANGUAGE_STANDARD = gnu11;
				GCC_DYNAMIC_NO_PIC = NO;
				GCC_NO_COMMON_BLOCKS = YES;
				GCC_OPTIMIZATION_LEVEL = 0;
				GCC_PREPROCESSOR_DEFINITIONS = (
					"DEBUG=1",
					"$(inherited)",
				);
				GCC_WARN_64_TO_32_BIT_CONVERSION = YES;
				GCC_WARN_ABOUT_RETURN_TYPE = YES_ERROR;
				GCC_WARN_UNDECLARED_SELECTOR = YES;
				GCC_WARN_UNINITIALIZED_AUTOS = YES_AGGRESSIVE;
				GCC_WARN_UNUSED_FUNCTION = YES;
				GCC_WARN_UNUSED_VARIABLE = YES;
				IPHONEOS_DEPLOYMENT_TARGET = 15.4;
				MTL_ENABLE_DEBUG_INFO = INCLUDE_SOURCE;
				MTL_FAST_MATH = YES;
				ONLY_ACTIVE_ARCH = YES;
				SDKROOT = iphoneos;
				SWIFT_ACTIVE_COMPILATION_CONDITIONS = DEBUG;
				SWIFT_OPTIMIZATION_LEVEL = "-Onone";
			};
			name = Debug;
		};
		D833C8372A1538DE0003BB74 /* Release */ = {
			isa = XCBuildConfiguration;
			buildSettings = {
				ALWAYS_SEARCH_USER_PATHS = NO;
				CLANG_ANALYZER_NONNULL = YES;
				CLANG_ANALYZER_NUMBER_OBJECT_CONVERSION = YES_AGGRESSIVE;
				CLANG_CXX_LANGUAGE_STANDARD = "gnu++17";
				CLANG_ENABLE_MODULES = YES;
				CLANG_ENABLE_OBJC_ARC = YES;
				CLANG_ENABLE_OBJC_WEAK = YES;
				CLANG_WARN_BLOCK_CAPTURE_AUTORELEASING = YES;
				CLANG_WARN_BOOL_CONVERSION = YES;
				CLANG_WARN_COMMA = YES;
				CLANG_WARN_CONSTANT_CONVERSION = YES;
				CLANG_WARN_DEPRECATED_OBJC_IMPLEMENTATIONS = YES;
				CLANG_WARN_DIRECT_OBJC_ISA_USAGE = YES_ERROR;
				CLANG_WARN_DOCUMENTATION_COMMENTS = YES;
				CLANG_WARN_EMPTY_BODY = YES;
				CLANG_WARN_ENUM_CONVERSION = YES;
				CLANG_WARN_INFINITE_RECURSION = YES;
				CLANG_WARN_INT_CONVERSION = YES;
				CLANG_WARN_NON_LITERAL_NULL_CONVERSION = YES;
				CLANG_WARN_OBJC_IMPLICIT_RETAIN_SELF = YES;
				CLANG_WARN_OBJC_LITERAL_CONVERSION = YES;
				CLANG_WARN_OBJC_ROOT_CLASS = YES_ERROR;
				CLANG_WARN_QUOTED_INCLUDE_IN_FRAMEWORK_HEADER = YES;
				CLANG_WARN_RANGE_LOOP_ANALYSIS = YES;
				CLANG_WARN_STRICT_PROTOTYPES = YES;
				CLANG_WARN_SUSPICIOUS_MOVE = YES;
				CLANG_WARN_UNGUARDED_AVAILABILITY = YES_AGGRESSIVE;
				CLANG_WARN_UNREACHABLE_CODE = YES;
				CLANG_WARN__DUPLICATE_METHOD_MATCH = YES;
				COPY_PHASE_STRIP = NO;
				DEBUG_INFORMATION_FORMAT = "dwarf-with-dsym";
				ENABLE_NS_ASSERTIONS = NO;
				ENABLE_STRICT_OBJC_MSGSEND = YES;
				GCC_C_LANGUAGE_STANDARD = gnu11;
				GCC_NO_COMMON_BLOCKS = YES;
				GCC_WARN_64_TO_32_BIT_CONVERSION = YES;
				GCC_WARN_ABOUT_RETURN_TYPE = YES_ERROR;
				GCC_WARN_UNDECLARED_SELECTOR = YES;
				GCC_WARN_UNINITIALIZED_AUTOS = YES_AGGRESSIVE;
				GCC_WARN_UNUSED_FUNCTION = YES;
				GCC_WARN_UNUSED_VARIABLE = YES;
				IPHONEOS_DEPLOYMENT_TARGET = 15.4;
				MTL_ENABLE_DEBUG_INFO = NO;
				MTL_FAST_MATH = YES;
				SDKROOT = iphoneos;
				SWIFT_COMPILATION_MODE = wholemodule;
				SWIFT_OPTIMIZATION_LEVEL = "-O";
				VALIDATE_PRODUCT = YES;
			};
			name = Release;
		};
		D833C8392A1538DE0003BB74 /* Debug */ = {
			isa = XCBuildConfiguration;
			buildSettings = {
				ASSETCATALOG_COMPILER_APPICON_NAME = AppIcon;
				ASSETCATALOG_COMPILER_GLOBAL_ACCENT_COLOR_NAME = AccentColor;
				CODE_SIGN_STYLE = Automatic;
				CURRENT_PROJECT_VERSION = 1;
				GENERATE_INFOPLIST_FILE = YES;
				INFOPLIST_FILE = AquinoColeccionDeJuegos2/Info.plist;
				INFOPLIST_KEY_UIApplicationSupportsIndirectInputEvents = YES;
				INFOPLIST_KEY_UILaunchStoryboardName = LaunchScreen;
				INFOPLIST_KEY_UIMainStoryboardFile = Main;
				INFOPLIST_KEY_UISupportedInterfaceOrientations_iPad = "UIInterfaceOrientationPortrait UIInterfaceOrientationPortraitUpsideDown UIInterfaceOrientationLandscapeLeft UIInterfaceOrientationLandscapeRight";
				INFOPLIST_KEY_UISupportedInterfaceOrientations_iPhone = "UIInterfaceOrientationPortrait UIInterfaceOrientationLandscapeLeft UIInterfaceOrientationLandscapeRight";
				LD_RUNPATH_SEARCH_PATHS = (
					"$(inherited)",
					"@executable_path/Frameworks",
				);
				MARKETING_VERSION = 1.0;
				PRODUCT_BUNDLE_IDENTIFIER = deah.com.AquinoColeccionDeJuegos2;
				PRODUCT_NAME = "$(TARGET_NAME)";
				SWIFT_EMIT_LOC_STRINGS = YES;
				SWIFT_VERSION = 5.0;
				TARGETED_DEVICE_FAMILY = "1,2";
			};
			name = Debug;
		};
		D833C83A2A1538DE0003BB74 /* Release */ = {
			isa = XCBuildConfiguration;
			buildSettings = {
				ASSETCATALOG_COMPILER_APPICON_NAME = AppIcon;
				ASSETCATALOG_COMPILER_GLOBAL_ACCENT_COLOR_NAME = AccentColor;
				CODE_SIGN_STYLE = Automatic;
				CURRENT_PROJECT_VERSION = 1;
				GENERATE_INFOPLIST_FILE = YES;
				INFOPLIST_FILE = AquinoColeccionDeJuegos2/Info.plist;
				INFOPLIST_KEY_UIApplicationSupportsIndirectInputEvents = YES;
				INFOPLIST_KEY_UILaunchStoryboardName = LaunchScreen;
				INFOPLIST_KEY_UIMainStoryboardFile = Main;
				INFOPLIST_KEY_UISupportedInterfaceOrientations_iPad = "UIInterfaceOrientationPortrait UIInterfaceOrientationPortraitUpsideDown UIInterfaceOrientationLandscapeLeft UIInterfaceOrientationLandscapeRight";
				INFOPLIST_KEY_UISupportedInterfaceOrientations_iPhone = "UIInterfaceOrientationPortrait UIInterfaceOrientationLandscapeLeft UIInterfaceOrientationLandscapeRight";
				LD_RUNPATH_SEARCH_PATHS = (
					"$(inherited)",
					"@executable_path/Frameworks",
				);
				MARKETING_VERSION = 1.0;
				PRODUCT_BUNDLE_IDENTIFIER = deah.com.AquinoColeccionDeJuegos2;
				PRODUCT_NAME = "$(TARGET_NAME)";
				SWIFT_EMIT_LOC_STRINGS = YES;
				SWIFT_VERSION = 5.0;
				TARGETED_DEVICE_FAMILY = "1,2";
			};
			name = Release;
		};
/* End XCBuildConfiguration section */

/* Begin XCConfigurationList section */
		D833C81C2A1538DC0003BB74 /* Build configuration list for PBXProject "AquinoColeccionDeJuegos2" */ = {
			isa = XCConfigurationList;
			buildConfigurations = (
				D833C8362A1538DE0003BB74 /* Debug */,
				D833C8372A1538DE0003BB74 /* Release */,
			);
			defaultConfigurationIsVisible = 0;
			defaultConfigurationName = Release;
		};
		D833C8382A1538DE0003BB74 /* Build configuration list for PBXNativeTarget "AquinoColeccionDeJuegos2" */ = {
			isa = XCConfigurationList;
			buildConfigurations = (
				D833C8392A1538DE0003BB74 /* Debug */,
				D833C83A2A1538DE0003BB74 /* Release */,
			);
			defaultConfigurationIsVisible = 0;
			defaultConfigurationName = Release;
		};
/* End XCConfigurationList section */

/* Begin XCVersionGroup section */
		D833C82D2A1538DD0003BB74 /* AquinoColeccionDeJuegos2.xcdatamodeld */ = {
			isa = XCVersionGroup;
			children = (
				D833C82E2A1538DD0003BB74 /* AquinoColeccionDeJuegos2.xcdatamodel */,
			);
			currentVersion = D833C82E2A1538DD0003BB74 /* AquinoColeccionDeJuegos2.xcdatamodel */;
			path = AquinoColeccionDeJuegos2.xcdatamodeld;
			sourceTree = "<group>";
			versionGroupType = wrapper.xcdatamodel;
		};
/* End XCVersionGroup section */
	};
	rootObject = D833C8192A1538DC0003BB74 /* Project object */;
}
